
Microsoft Visual Studio Solution File, Format Version 12.00
# Visual Studio 14
VisualStudioVersion = 14.0.23107.0
MinimumVisualStudioVersion = 10.0.40219.1
Project("{FAE04EC0-301F-11D3-BF4B-00C04F79EFBC}") = "SESDAD", "SESDAD\SESDAD.csproj", "{CD145C7C-CD7E-4C82-B1A1-22D4F3702535}"
EndProject
Project("{FAE04EC0-301F-11D3-BF4B-00C04F79EFBC}") = "Broker", "Broker\Broker.csproj", "{0B93FE7D-91FD-45F4-A879-D3408198D940}"
	ProjectSection(ProjectDependencies) = postProject
		{CD145C7C-CD7E-4C82-B1A1-22D4F3702535} = {CD145C7C-CD7E-4C82-B1A1-22D4F3702535}
	EndProjectSection
EndProject
Project("{FAE04EC0-301F-11D3-BF4B-00C04F79EFBC}") = "SESDADTestCase", "SESDADTestCase\SESDADTestCase.csproj", "{A7FBBC1E-5A0C-421E-86E7-D7193EF5EC01}"
EndProject
Project("{FAE04EC0-301F-11D3-BF4B-00C04F79EFBC}") = "PuppetSlave", "PuppetSlave\PuppetSlave.csproj", "{F10DA3A2-DFB8-4C47-82EC-31FEC595D6AD}"
EndProject
Global
	GlobalSection(SolutionConfigurationPlatforms) = preSolution
		Debug|Any CPU = Debug|Any CPU
		Release|Any CPU = Release|Any CPU
	EndGlobalSection
	GlobalSection(ProjectConfigurationPlatforms) = postSolution
		{CD145C7C-CD7E-4C82-B1A1-22D4F3702535}.Debug|Any CPU.ActiveCfg = Debug|Any CPU
		{CD145C7C-CD7E-4C82-B1A1-22D4F3702535}.Debug|Any CPU.Build.0 = Debug|Any CPU
		{CD145C7C-CD7E-4C82-B1A1-22D4F3702535}.Release|Any CPU.ActiveCfg = Release|Any CPU
		{CD145C7C-CD7E-4C82-B1A1-22D4F3702535}.Release|Any CPU.Build.0 = Release|Any CPU
		{0B93FE7D-91FD-45F4-A879-D3408198D940}.Debug|Any CPU.ActiveCfg = Debug|Any CPU
		{0B93FE7D-91FD-45F4-A879-D3408198D940}.Debug|Any CPU.Build.0 = Debug|Any CPU
		{0B93FE7D-91FD-45F4-A879-D3408198D940}.Release|Any CPU.ActiveCfg = Release|Any CPU
		{0B93FE7D-91FD-45F4-A879-D3408198D940}.Release|Any CPU.Build.0 = Release|Any CPU
		{A7FBBC1E-5A0C-421E-86E7-D7193EF5EC01}.Debug|Any CPU.ActiveCfg = Debug|Any CPU
		{A7FBBC1E-5A0C-421E-86E7-D7193EF5EC01}.Debug|Any CPU.Build.0 = Debug|Any CPU
		{A7FBBC1E-5A0C-421E-86E7-D7193EF5EC01}.Release|Any CPU.ActiveCfg = Release|Any CPU
		{A7FBBC1E-5A0C-421E-86E7-D7193EF5EC01}.Release|Any CPU.Build.0 = Release|Any CPU
		{F10DA3A2-DFB8-4C47-82EC-31FEC595D6AD}.Debug|Any CPU.ActiveCfg = Debug|Any CPU
		{F10DA3A2-DFB8-4C47-82EC-31FEC595D6AD}.Debug|Any CPU.Build.0 = Debug|Any CPU
		{F10DA3A2-DFB8-4C47-82EC-31FEC595D6AD}.Release|Any CPU.ActiveCfg = Release|Any CPU
		{F10DA3A2-DFB8-4C47-82EC-31FEC595D6AD}.Release|Any CPU.Build.0 = Release|Any CPU
	EndGlobalSection
	GlobalSection(SolutionProperties) = preSolution
		HideSolutionNode = FALSE
	EndGlobalSection
EndGlobal
